
Microsoft Visual Studio Solution File, Format Version 12.00
# Visual Studio Version 16
VisualStudioVersion = 16.0.30621.155
MinimumVisualStudioVersion = 10.0.40219.1
Project("{8BC9CEB8-8B4A-11D0-8D11-00A0C91BC942}") = "Circular buffer", "Circular buffer.vcxproj", "{3AA4995A-337F-4B6B-AF56-0075F31919AB}"
EndProject
Global
	GlobalSection(SolutionConfigurationPlatforms) = preSolution
		Debug|x64 = Debug|x64
		Debug|x86 = Debug|x86
		Release|x64 = Release|x64
		Release|x86 = Release|x86
	EndGlobalSection
	GlobalSection(ProjectConfigurationPlatforms) = postSolution
		{3AA4995A-337F-4B6B-AF56-0075F31919AB}.Debug|x64.ActiveCfg = Debug|x64
		{3AA4995A-337F-4B6B-AF56-0075F31919AB}.Debug|x64.Build.0 = Debug|x64
		{3AA4995A-337F-4B6B-AF56-0075F31919AB}.Debug|x86.ActiveCfg = Debug|Win32
		{3AA4995A-337F-4B6B-AF56-0075F31919AB}.Debug|x86.Build.0 = Debug|Win32
		{3AA4995A-337F-4B6B-AF56-0075F31919AB}.Release|x64.ActiveCfg = Release|x64
		{3AA4995A-337F-4B6B-AF56-0075F31919AB}.Release|x64.Build.0 = Release|x64
		{3AA4995A-337F-4B6B-AF56-0075F31919AB}.Release|x86.ActiveCfg = Release|Win32
		{3AA4995A-337F-4B6B-AF56-0075F31919AB}.Release|x86.Build.0 = Release|Win32
	EndGlobalSection
	GlobalSection(SolutionProperties) = preSolution
		HideSolutionNode = FALSE
	EndGlobalSection
	GlobalSection(ExtensibilityGlobals) = postSolution
		SolutionGuid = {F2DAA071-9216-46D2-B39A-9B700A54963C}
	EndGlobalSection
EndGlobal
